
Microsoft Visual Studio Solution File, Format Version 12.00
# Visual Studio Version 17
VisualStudioVersion = 17.11.35327.3
MinimumVisualStudioVersion = 10.0.40219.1
Project("{9A19103F-16F7-4668-BE54-9A1E7A4F7556}") = "ex01", "ex01\ex01.csproj", "{1671C45C-89BE-4CDC-A6EA-912A634A77AE}"
EndProject
Project("{9A19103F-16F7-4668-BE54-9A1E7A4F7556}") = "ex02", "ex02\ex02.csproj", "{24BE5981-1669-4D66-BB14-E6A6DD93AC71}"
EndProject
Project("{9A19103F-16F7-4668-BE54-9A1E7A4F7556}") = "ex03", "ex03\ex03.csproj", "{B51A905D-135B-4370-B977-51781CC3B5CF}"
EndProject
Project("{9A19103F-16F7-4668-BE54-9A1E7A4F7556}") = "ex04", "EX04\ex04.csproj", "{18524A77-8753-4CC4-A892-D7EA4600BE36}"
EndProject
Project("{9A19103F-16F7-4668-BE54-9A1E7A4F7556}") = "ex05", "ex05\ex05.csproj", "{A3647FFD-D9F9-4E50-AE4E-E045C9975E0D}"
EndProject
Project("{9A19103F-16F7-4668-BE54-9A1E7A4F7556}") = "ex06", "ex06\ex06.csproj", "{2B861F5D-D45F-43EB-A674-97BEA08A93C5}"
EndProject
Project("{FAE04EC0-301F-11D3-BF4B-00C04F79EFBC}") = "ex07", "ex07\ex07.csproj", "{11F2B6EF-7A60-4F50-AB01-11A98F0D9824}"
EndProject
Global
	GlobalSection(SolutionConfigurationPlatforms) = preSolution
		Debug|Any CPU = Debug|Any CPU
		Release|Any CPU = Release|Any CPU
	EndGlobalSection
	GlobalSection(ProjectConfigurationPlatforms) = postSolution
		{1671C45C-89BE-4CDC-A6EA-912A634A77AE}.Debug|Any CPU.ActiveCfg = Debug|Any CPU
		{1671C45C-89BE-4CDC-A6EA-912A634A77AE}.Debug|Any CPU.Build.0 = Debug|Any CPU
		{1671C45C-89BE-4CDC-A6EA-912A634A77AE}.Release|Any CPU.ActiveCfg = Release|Any CPU
		{1671C45C-89BE-4CDC-A6EA-912A634A77AE}.Release|Any CPU.Build.0 = Release|Any CPU
		{24BE5981-1669-4D66-BB14-E6A6DD93AC71}.Debug|Any CPU.ActiveCfg = Debug|Any CPU
		{24BE5981-1669-4D66-BB14-E6A6DD93AC71}.Debug|Any CPU.Build.0 = Debug|Any CPU
		{24BE5981-1669-4D66-BB14-E6A6DD93AC71}.Release|Any CPU.ActiveCfg = Release|Any CPU
		{24BE5981-1669-4D66-BB14-E6A6DD93AC71}.Release|Any CPU.Build.0 = Release|Any CPU
		{B51A905D-135B-4370-B977-51781CC3B5CF}.Debug|Any CPU.ActiveCfg = Debug|Any CPU
		{B51A905D-135B-4370-B977-51781CC3B5CF}.Debug|Any CPU.Build.0 = Debug|Any CPU
		{B51A905D-135B-4370-B977-51781CC3B5CF}.Release|Any CPU.ActiveCfg = Release|Any CPU
		{B51A905D-135B-4370-B977-51781CC3B5CF}.Release|Any CPU.Build.0 = Release|Any CPU
		{18524A77-8753-4CC4-A892-D7EA4600BE36}.Debug|Any CPU.ActiveCfg = Debug|Any CPU
		{18524A77-8753-4CC4-A892-D7EA4600BE36}.Debug|Any CPU.Build.0 = Debug|Any CPU
		{18524A77-8753-4CC4-A892-D7EA4600BE36}.Release|Any CPU.ActiveCfg = Release|Any CPU
		{18524A77-8753-4CC4-A892-D7EA4600BE36}.Release|Any CPU.Build.0 = Release|Any CPU
		{A3647FFD-D9F9-4E50-AE4E-E045C9975E0D}.Debug|Any CPU.ActiveCfg = Debug|Any CPU
		{A3647FFD-D9F9-4E50-AE4E-E045C9975E0D}.Debug|Any CPU.Build.0 = Debug|Any CPU
		{A3647FFD-D9F9-4E50-AE4E-E045C9975E0D}.Release|Any CPU.ActiveCfg = Release|Any CPU
		{A3647FFD-D9F9-4E50-AE4E-E045C9975E0D}.Release|Any CPU.Build.0 = Release|Any CPU
		{2B861F5D-D45F-43EB-A674-97BEA08A93C5}.Debug|Any CPU.ActiveCfg = Debug|Any CPU
		{2B861F5D-D45F-43EB-A674-97BEA08A93C5}.Debug|Any CPU.Build.0 = Debug|Any CPU
		{2B861F5D-D45F-43EB-A674-97BEA08A93C5}.Release|Any CPU.ActiveCfg = Release|Any CPU
		{2B861F5D-D45F-43EB-A674-97BEA08A93C5}.Release|Any CPU.Build.0 = Release|Any CPU
		{11F2B6EF-7A60-4F50-AB01-11A98F0D9824}.Debug|Any CPU.ActiveCfg = Debug|Any CPU
		{11F2B6EF-7A60-4F50-AB01-11A98F0D9824}.Debug|Any CPU.Build.0 = Debug|Any CPU
		{11F2B6EF-7A60-4F50-AB01-11A98F0D9824}.Release|Any CPU.ActiveCfg = Release|Any CPU
		{11F2B6EF-7A60-4F50-AB01-11A98F0D9824}.Release|Any CPU.Build.0 = Release|Any CPU
	EndGlobalSection
	GlobalSection(SolutionProperties) = preSolution
		HideSolutionNode = FALSE
	EndGlobalSection
	GlobalSection(ExtensibilityGlobals) = postSolution
		SolutionGuid = {8E663620-FC95-44D8-B470-442396CBCF20}
	EndGlobalSection
EndGlobal
